
Microsoft Visual Studio Solution File, Format Version 12.00
# Visual Studio Version 17
VisualStudioVersion = 17.14.36623.8
MinimumVisualStudioVersion = 10.0.40219.1
Project("{FAE04EC0-301F-11D3-BF4B-00C04F79EFBC}") = "StitchStack", "StitchStack\StitchStack.csproj", "{F5775FB7-00E3-4E1D-85AC-22C4D27D78F1}"
EndProject
Project("{FAE04EC0-301F-11D3-BF4B-00C04F79EFBC}") = "StitchStack.Tests", "StitchStack.Tests\StitchStack.Tests.csproj", "{B237F6B0-3C7F-4190-B3B0-F5A7601D1BA4}"
EndProject
Global
	GlobalSection(SolutionConfigurationPlatforms) = preSolution
		Debug|Any CPU = Debug|Any CPU
		Release|Any CPU = Release|Any CPU
	EndGlobalSection
	GlobalSection(ProjectConfigurationPlatforms) = postSolution
		{F5775FB7-00E3-4E1D-85AC-22C4D27D78F1}.Debug|Any CPU.ActiveCfg = Debug|Any CPU
		{F5775FB7-00E3-4E1D-85AC-22C4D27D78F1}.Debug|Any CPU.Build.0 = Debug|Any CPU
		{F5775FB7-00E3-4E1D-85AC-22C4D27D78F1}.Release|Any CPU.ActiveCfg = Release|Any CPU
		{F5775FB7-00E3-4E1D-85AC-22C4D27D78F1}.Release|Any CPU.Build.0 = Release|Any CPU
		{B237F6B0-3C7F-4190-B3B0-F5A7601D1BA4}.Debug|Any CPU.ActiveCfg = Debug|Any CPU
		{B237F6B0-3C7F-4190-B3B0-F5A7601D1BA4}.Debug|Any CPU.Build.0 = Debug|Any CPU
		{B237F6B0-3C7F-4190-B3B0-F5A7601D1BA4}.Release|Any CPU.ActiveCfg = Release|Any CPU
		{B237F6B0-3C7F-4190-B3B0-F5A7601D1BA4}.Release|Any CPU.Build.0 = Release|Any CPU
	EndGlobalSection
	GlobalSection(SolutionProperties) = preSolution
		HideSolutionNode = FALSE
	EndGlobalSection
	GlobalSection(ExtensibilityGlobals) = postSolution
		SolutionGuid = {5D6E1D16-DF28-458A-BFA7-1281D11C09D5}
	EndGlobalSection
EndGlobal
